
Microsoft Visual Studio Solution File, Format Version 12.00
# Visual Studio Version 17
VisualStudioVersion = 17.14.36511.14 d17.14
MinimumVisualStudioVersion = 10.0.40219.1
Project("{8BC9CEB8-8B4A-11D0-8D11-00A0C91BC942}") = "ConsoleApplication3", "ConsoleApplication3\ConsoleApplication3.vcxproj", "{949C90C5-F820-4C9C-B565-973E31268D38}"
EndProject
Global
	GlobalSection(SolutionConfigurationPlatforms) = preSolution
		Debug|x64 = Debug|x64
		Debug|x86 = Debug|x86
		Release|x64 = Release|x64
		Release|x86 = Release|x86
	EndGlobalSection
	GlobalSection(ProjectConfigurationPlatforms) = postSolution
		{949C90C5-F820-4C9C-B565-973E31268D38}.Debug|x64.ActiveCfg = Debug|x64
		{949C90C5-F820-4C9C-B565-973E31268D38}.Debug|x64.Build.0 = Debug|x64
		{949C90C5-F820-4C9C-B565-973E31268D38}.Debug|x86.ActiveCfg = Debug|Win32
		{949C90C5-F820-4C9C-B565-973E31268D38}.Debug|x86.Build.0 = Debug|Win32
		{949C90C5-F820-4C9C-B565-973E31268D38}.Release|x64.ActiveCfg = Release|x64
		{949C90C5-F820-4C9C-B565-973E31268D38}.Release|x64.Build.0 = Release|x64
		{949C90C5-F820-4C9C-B565-973E31268D38}.Release|x86.ActiveCfg = Release|Win32
		{949C90C5-F820-4C9C-B565-973E31268D38}.Release|x86.Build.0 = Release|Win32
	EndGlobalSection
	GlobalSection(SolutionProperties) = preSolution
		HideSolutionNode = FALSE
	EndGlobalSection
	GlobalSection(ExtensibilityGlobals) = postSolution
		SolutionGuid = {0B67C58E-A11D-4A7E-BD0F-9DA1BCE81F81}
	EndGlobalSection
EndGlobal
