
Microsoft Visual Studio Solution File, Format Version 12.00
# Visual Studio Version 17
VisualStudioVersion = 17.14.36511.14 d17.14
MinimumVisualStudioVersion = 10.0.40219.1
Project("{8BC9CEB8-8B4A-11D0-8D11-00A0C91BC942}") = "วันหยุดหรรษา", "วันหยุดหรรษา\วันหยุดหรรษา.vcxproj", "{E47FB120-5F82-49A6-97AB-3ED8C427B139}"
EndProject
Global
	GlobalSection(SolutionConfigurationPlatforms) = preSolution
		Debug|x64 = Debug|x64
		Debug|x86 = Debug|x86
		Release|x64 = Release|x64
		Release|x86 = Release|x86
	EndGlobalSection
	GlobalSection(ProjectConfigurationPlatforms) = postSolution
		{E47FB120-5F82-49A6-97AB-3ED8C427B139}.Debug|x64.ActiveCfg = Debug|x64
		{E47FB120-5F82-49A6-97AB-3ED8C427B139}.Debug|x64.Build.0 = Debug|x64
		{E47FB120-5F82-49A6-97AB-3ED8C427B139}.Debug|x86.ActiveCfg = Debug|Win32
		{E47FB120-5F82-49A6-97AB-3ED8C427B139}.Debug|x86.Build.0 = Debug|Win32
		{E47FB120-5F82-49A6-97AB-3ED8C427B139}.Release|x64.ActiveCfg = Release|x64
		{E47FB120-5F82-49A6-97AB-3ED8C427B139}.Release|x64.Build.0 = Release|x64
		{E47FB120-5F82-49A6-97AB-3ED8C427B139}.Release|x86.ActiveCfg = Release|Win32
		{E47FB120-5F82-49A6-97AB-3ED8C427B139}.Release|x86.Build.0 = Release|Win32
	EndGlobalSection
	GlobalSection(SolutionProperties) = preSolution
		HideSolutionNode = FALSE
	EndGlobalSection
	GlobalSection(ExtensibilityGlobals) = postSolution
		SolutionGuid = {136357C8-9EF3-46AE-B907-23EAD8D385C5}
	EndGlobalSection
EndGlobal
