
Microsoft Visual Studio Solution File, Format Version 12.00
# Visual Studio Version 17
VisualStudioVersion = 17.14.36511.14 d17.14
MinimumVisualStudioVersion = 10.0.40219.1
Project("{8BC9CEB8-8B4A-11D0-8D11-00A0C91BC942}") = "C++ KEYES Part 3", "C++ KEYES Part 3\C++ KEYES Part 3.vcxproj", "{15E659C8-2C67-4957-BA3C-475DC62210D9}"
EndProject
Global
	GlobalSection(SolutionConfigurationPlatforms) = preSolution
		Debug|x64 = Debug|x64
		Debug|x86 = Debug|x86
		Release|x64 = Release|x64
		Release|x86 = Release|x86
	EndGlobalSection
	GlobalSection(ProjectConfigurationPlatforms) = postSolution
		{15E659C8-2C67-4957-BA3C-475DC62210D9}.Debug|x64.ActiveCfg = Debug|x64
		{15E659C8-2C67-4957-BA3C-475DC62210D9}.Debug|x64.Build.0 = Debug|x64
		{15E659C8-2C67-4957-BA3C-475DC62210D9}.Debug|x86.ActiveCfg = Debug|Win32
		{15E659C8-2C67-4957-BA3C-475DC62210D9}.Debug|x86.Build.0 = Debug|Win32
		{15E659C8-2C67-4957-BA3C-475DC62210D9}.Release|x64.ActiveCfg = Release|x64
		{15E659C8-2C67-4957-BA3C-475DC62210D9}.Release|x64.Build.0 = Release|x64
		{15E659C8-2C67-4957-BA3C-475DC62210D9}.Release|x86.ActiveCfg = Release|Win32
		{15E659C8-2C67-4957-BA3C-475DC62210D9}.Release|x86.Build.0 = Release|Win32
	EndGlobalSection
	GlobalSection(SolutionProperties) = preSolution
		HideSolutionNode = FALSE
	EndGlobalSection
	GlobalSection(ExtensibilityGlobals) = postSolution
		SolutionGuid = {B5D9EF47-03C3-49B1-B6FA-CD031C09CCB7}
	EndGlobalSection
EndGlobal
